{
  "name": "npm",
  "version": "1.0.0",
  "lockfileVersion": 3,
  "requires": true,
  "packages": {
    "": {
      "name": "npm",
      "version": "1.0.0",
      "license": "ISC",
      "dependencies": {
        "@deno/cache-dir": "npm:@jsr/deno__cache-dir@^0.23.0"
      }
    },
    "node_modules/@deno/cache-dir": {
      "name": "@jsr/deno__cache-dir",
      "version": "0.23.0",
      "resolved": "https://npm.jsr.io/~/11/@jsr/deno__cache-dir/0.23.0.tgz",
      "integrity": "sha512-DC315EdfZZIiUod0/fHslWAgSiWU8iaApiSDwGlNPhEYxhl6m6Ld0Yf+SosZ4boSwg2pkMtzYPcKNndNJo3wDQ==",
      "dependencies": {
        "@jsr/deno__graph": "^0.86.0",
        "@jsr/std__fmt": "^1.0.3",
        "@jsr/std__fs": "^1.0.6",
        "@jsr/std__io": "^0.225.0",
        "@jsr/std__path": "^1.0.8"
      }
    },
    "node_modules/@jsr/deno__graph": {
      "version": "0.86.9",
      "resolved": "https://npm.jsr.io/~/11/@jsr/deno__graph/0.86.9.tgz",
      "integrity": "sha512-+qrrma5/bL+hcG20mfaEeC8SLopqoyd1RjcKFMRu++3SAXyrTKuvuIjBJCn/NyN7X+kV+QrJG67BCHX38Rzw+g=="
    },
    "node_modules/@jsr/std__bytes": {
      "version": "1.0.6",
      "resolved": "https://npm.jsr.io/~/11/@jsr/std__bytes/1.0.6.tgz",
      "integrity": "sha512-St6yKggjFGhxS52IFLJWvkchRFbAKg2Xh8UxA4S1EGz7GJ2Ui+ssDDldj/w2c8vCxvl6qgR0HaYbKeFJNqujmA=="
    },
    "node_modules/@jsr/std__fmt": {
      "version": "1.0.8",
      "resolved": "https://npm.jsr.io/~/11/@jsr/std__fmt/1.0.8.tgz",
      "integrity": "sha512-miZHzj9OgjuajrcMKzpqNVwFb9O71UHZzV/FHVq0E0Uwmv/1JqXgmXAoBNPrn+MP0fHT3mMgaZ6XvQO7dam67Q=="
    },
    "node_modules/@jsr/std__fs": {
      "version": "1.0.19",
      "resolved": "https://npm.jsr.io/~/11/@jsr/std__fs/1.0.19.tgz",
      "integrity": "sha512-TEjyE8g+46jPlu7dJHLrwc8NMGl8zfG+JjWxyNQyDbxP0RtqZ4JmYZfR9vy4RWYWJQbLpw6Kbt2n+K/2zAO/JA==",
      "dependencies": {
        "@jsr/std__internal": "^1.0.9",
        "@jsr/std__path": "^1.1.1"
      }
    },
    "node_modules/@jsr/std__internal": {
      "version": "1.0.9",
      "resolved": "https://npm.jsr.io/~/11/@jsr/std__internal/1.0.9.tgz",
      "integrity": "sha512-s+f4qrJzZgPAy7XuFOtgaSaxyPLnnEmAfXGLvRXGxPTL76URLVHkF+hOzqXz+bmk8/awybF6BRsasxtAQOV23Q=="
    },
    "node_modules/@jsr/std__io": {
      "version": "0.225.2",
      "resolved": "https://npm.jsr.io/~/11/@jsr/std__io/0.225.2.tgz",
      "integrity": "sha512-QNImMbao6pKXvV4xpFkY2zviZi1r+1KpYzgMqaa2gHDPZhXQqlia/Og+VqMxxfAr8Pw6BF3tw/hSw3LrWWTRmA==",
      "dependencies": {
        "@jsr/std__bytes": "^1.0.5"
      }
    },
    "node_modules/@jsr/std__path": {
      "version": "1.1.1",
      "resolved": "https://npm.jsr.io/~/11/@jsr/std__path/1.1.1.tgz",
      "integrity": "sha512-+x5LgcNUSpMzOZIRmFSjqrMTCxHlgXjWzK8ZFr7lwgHfWZxoVXeis3MFQlkR5mN5uQ61Y1P30Li1PU0yx9uluA==",
      "dependencies": {
        "@jsr/std__internal": "^1.0.9"
      }
    }
  }
}
